
Microsoft Visual Studio Solution File, Format Version 12.00
# Visual Studio Version 17
VisualStudioVersion = 17.4.33205.214
MinimumVisualStudioVersion = 10.0.40219.1
Project("{9A19103F-16F7-4668-BE54-9A1E7A4F7556}") = "SmartScaleMinimalApi", "SmartScaleMinimalApi\SmartScaleMinimalApi.csproj", "{81CB80B2-3ADD-43B8-A625-027643AB23C3}"
EndProject
Project("{9A19103F-16F7-4668-BE54-9A1E7A4F7556}") = "SmartScaleWebApplication", "SmartScaleWebApplication\SmartScaleWebApplication.csproj", "{FEB59441-320C-4FD2-86DF-BB920A6F4C9F}"
EndProject
Project("{9A19103F-16F7-4668-BE54-9A1E7A4F7556}") = "SmartScaleConsoleApp", "SmartScaleConsoleApp\SmartScaleConsoleApp.csproj", "{65508A1E-903C-48E0-94F8-CC77DFA08317}"
EndProject
Project("{9A19103F-16F7-4668-BE54-9A1E7A4F7556}") = "SmartScaleWorkerService", "SmartScaleWorkerService\SmartScaleWorkerService.csproj", "{982798D8-D908-46B4-ABD5-CE80365653C6}"
EndProject
Project("{54A90642-561A-4BB1-A94E-469ADEE60C69}") = "smartscalevueproject", "smartscalevueproject\smartscalevueproject.esproj", "{FCAC5ACB-56F2-4094-8EB2-F2D5E0F63675}"
EndProject
Global
	GlobalSection(SolutionConfigurationPlatforms) = preSolution
		Debug|Any CPU = Debug|Any CPU
		Release|Any CPU = Release|Any CPU
	EndGlobalSection
	GlobalSection(ProjectConfigurationPlatforms) = postSolution
		{81CB80B2-3ADD-43B8-A625-027643AB23C3}.Debug|Any CPU.ActiveCfg = Debug|Any CPU
		{81CB80B2-3ADD-43B8-A625-027643AB23C3}.Debug|Any CPU.Build.0 = Debug|Any CPU
		{81CB80B2-3ADD-43B8-A625-027643AB23C3}.Release|Any CPU.ActiveCfg = Release|Any CPU
		{81CB80B2-3ADD-43B8-A625-027643AB23C3}.Release|Any CPU.Build.0 = Release|Any CPU
		{FEB59441-320C-4FD2-86DF-BB920A6F4C9F}.Debug|Any CPU.ActiveCfg = Debug|Any CPU
		{FEB59441-320C-4FD2-86DF-BB920A6F4C9F}.Debug|Any CPU.Build.0 = Debug|Any CPU
		{FEB59441-320C-4FD2-86DF-BB920A6F4C9F}.Release|Any CPU.ActiveCfg = Release|Any CPU
		{FEB59441-320C-4FD2-86DF-BB920A6F4C9F}.Release|Any CPU.Build.0 = Release|Any CPU
		{65508A1E-903C-48E0-94F8-CC77DFA08317}.Debug|Any CPU.ActiveCfg = Debug|Any CPU
		{65508A1E-903C-48E0-94F8-CC77DFA08317}.Debug|Any CPU.Build.0 = Debug|Any CPU
		{65508A1E-903C-48E0-94F8-CC77DFA08317}.Release|Any CPU.ActiveCfg = Release|Any CPU
		{65508A1E-903C-48E0-94F8-CC77DFA08317}.Release|Any CPU.Build.0 = Release|Any CPU
		{982798D8-D908-46B4-ABD5-CE80365653C6}.Debug|Any CPU.ActiveCfg = Debug|Any CPU
		{982798D8-D908-46B4-ABD5-CE80365653C6}.Debug|Any CPU.Build.0 = Debug|Any CPU
		{982798D8-D908-46B4-ABD5-CE80365653C6}.Release|Any CPU.ActiveCfg = Release|Any CPU
		{982798D8-D908-46B4-ABD5-CE80365653C6}.Release|Any CPU.Build.0 = Release|Any CPU
		{FCAC5ACB-56F2-4094-8EB2-F2D5E0F63675}.Debug|Any CPU.ActiveCfg = Debug|Any CPU
		{FCAC5ACB-56F2-4094-8EB2-F2D5E0F63675}.Debug|Any CPU.Build.0 = Debug|Any CPU
		{FCAC5ACB-56F2-4094-8EB2-F2D5E0F63675}.Debug|Any CPU.Deploy.0 = Debug|Any CPU
		{FCAC5ACB-56F2-4094-8EB2-F2D5E0F63675}.Release|Any CPU.ActiveCfg = Release|Any CPU
		{FCAC5ACB-56F2-4094-8EB2-F2D5E0F63675}.Release|Any CPU.Build.0 = Release|Any CPU
		{FCAC5ACB-56F2-4094-8EB2-F2D5E0F63675}.Release|Any CPU.Deploy.0 = Release|Any CPU
	EndGlobalSection
	GlobalSection(SolutionProperties) = preSolution
		HideSolutionNode = FALSE
	EndGlobalSection
	GlobalSection(ExtensibilityGlobals) = postSolution
		SolutionGuid = {67EEA585-8EE6-4A37-90CF-D5324A611064}
	EndGlobalSection
EndGlobal
